
Microsoft Visual Studio Solution File, Format Version 12.00
# Visual Studio 15
VisualStudioVersion = 15.0.28010.2048
MinimumVisualStudioVersion = 10.0.40219.1
Project("{FAE04EC0-301F-11D3-BF4B-00C04F79EFBC}") = "RecoverExcelPassword", "RecoverExcelPassword.csproj", "{DD0602DD-1FAE-4230-B311-93A02D1FC2DC}"
EndProject
Project("{FAE04EC0-301F-11D3-BF4B-00C04F79EFBC}") = "RecoverExcelPassword.Services", "..\RecoverExcelPassword.Services\RecoverExcelPassword.Services.csproj", "{ED0ADE24-EA96-4049-B936-4069F5FDC56B}"
EndProject
Project("{54435603-DBB4-11D2-8724-00A0C9A8B90C}") = "RecoverExcelPassword.Setup", "..\RecoverExcelPassword.Setup\RecoverExcelPassword.Setup.vdproj", "{EA4B9212-42F8-441E-BE77-881525424728}"
EndProject
Global
	GlobalSection(SolutionConfigurationPlatforms) = preSolution
		Debug|Any CPU = Debug|Any CPU
		Release|Any CPU = Release|Any CPU
	EndGlobalSection
	GlobalSection(ProjectConfigurationPlatforms) = postSolution
		{DD0602DD-1FAE-4230-B311-93A02D1FC2DC}.Debug|Any CPU.ActiveCfg = Debug|Any CPU
		{DD0602DD-1FAE-4230-B311-93A02D1FC2DC}.Debug|Any CPU.Build.0 = Debug|Any CPU
		{DD0602DD-1FAE-4230-B311-93A02D1FC2DC}.Release|Any CPU.ActiveCfg = Release|Any CPU
		{DD0602DD-1FAE-4230-B311-93A02D1FC2DC}.Release|Any CPU.Build.0 = Release|Any CPU
		{ED0ADE24-EA96-4049-B936-4069F5FDC56B}.Debug|Any CPU.ActiveCfg = Debug|Any CPU
		{ED0ADE24-EA96-4049-B936-4069F5FDC56B}.Debug|Any CPU.Build.0 = Debug|Any CPU
		{ED0ADE24-EA96-4049-B936-4069F5FDC56B}.Release|Any CPU.ActiveCfg = Release|Any CPU
		{ED0ADE24-EA96-4049-B936-4069F5FDC56B}.Release|Any CPU.Build.0 = Release|Any CPU
		{EA4B9212-42F8-441E-BE77-881525424728}.Debug|Any CPU.ActiveCfg = Debug
		{EA4B9212-42F8-441E-BE77-881525424728}.Release|Any CPU.ActiveCfg = Release
	EndGlobalSection
	GlobalSection(SolutionProperties) = preSolution
		HideSolutionNode = FALSE
	EndGlobalSection
	GlobalSection(ExtensibilityGlobals) = postSolution
		SolutionGuid = {E7137BC8-6E47-4A22-A17A-77CD0D3C3372}
	EndGlobalSection
EndGlobal
